{
  "lockfileVersion": 1,
  "configVersion": 1,
  "workspaces": {
    "": {
      "name": "@danimai/core",
      "dependencies": {
        "@logtape/logtape": "^1.3.5",
        "@sinclair/typebox": "^0.34.48",
        "handlebars": "^4.7.8",
        "inversify": "^7.11.0",
        "jose": "^6.1.3",
        "kysely": "^0.28.9",
        "kysely-bun-sql": "^0.2.0",
        "reflect-metadata": "^0.2.2",
        "resend": "^6.9.2",
      },
      "devDependencies": {
        "@types/bun": "^1.3.9",
      },
    },
  },
  "packages": {
    "@inversifyjs/common": ["@inversifyjs/common@1.5.2", "", {}, "sha512-WlzR9xGadABS9gtgZQ+luoZ8V6qm4Ii6RQfcfC9Ho2SOlE6ZuemFo7PKJvKI0ikm8cmKbU8hw5UK6E4qovH21w=="],

    "@inversifyjs/container": ["@inversifyjs/container@1.15.0", "", { "dependencies": { "@inversifyjs/common": "1.5.2", "@inversifyjs/core": "9.2.0", "@inversifyjs/plugin": "0.2.0", "@inversifyjs/reflect-metadata-utils": "1.4.1" }, "peerDependencies": { "reflect-metadata": "~0.2.2" } }, "sha512-U2xYsPrJTz5za2TExi5lg8qOWf8TEVBpN+pQM7B8BVA2rajtbRE9A66SLRHk8c1eGXmg+0K4Hdki6tWAsSQBUA=="],

    "@inversifyjs/core": ["@inversifyjs/core@9.2.0", "", { "dependencies": { "@inversifyjs/common": "1.5.2", "@inversifyjs/prototype-utils": "0.1.3", "@inversifyjs/reflect-metadata-utils": "1.4.1" } }, "sha512-Nm7BR6KmpgshIHpVQWuEDehqRVb6GBm8LFEuhc2s4kSZWrArZ15RmXQzROLk4m+hkj4kMXgvMm5Qbopot/D6Sg=="],

    "@inversifyjs/plugin": ["@inversifyjs/plugin@0.2.0", "", {}, "sha512-R/JAdkTSD819pV1zi0HP54mWHyX+H2m8SxldXRgPQarS3ySV4KPyRdosWcfB8Se0JJZWZLHYiUNiS6JvMWSPjw=="],

    "@inversifyjs/prototype-utils": ["@inversifyjs/prototype-utils@0.1.3", "", { "dependencies": { "@inversifyjs/common": "1.5.2" } }, "sha512-EzRamZzNgE9Sn3QtZ8NncNa2lpPMZfspqbK6BWFguWnOpK8ymp2TUuH46ruFHZhrHKnknPd7fG22ZV7iF517TQ=="],

    "@inversifyjs/reflect-metadata-utils": ["@inversifyjs/reflect-metadata-utils@1.4.1", "", { "peerDependencies": { "reflect-metadata": "~0.2.2" } }, "sha512-Cp77C4d2wLaHXiUB7iH6Cxb7i1lD/YDuTIHLTDzKINqGSz0DCSoL/Dg2wVkW/6Qx03r/yQMLJ+32Agl32N2X8g=="],

    "@logtape/logtape": ["@logtape/logtape@1.3.5", "", {}, "sha512-G+MxWB7Tbv/2764519+Cp6rKXUdRbe/GiRwTvlm/Wv/sNsiquRnx9Hzr9eXaIpAYLT4PrBlkthjJ4gmqdSPrFg=="],

    "@sinclair/typebox": ["@sinclair/typebox@0.34.48", "", {}, "sha512-kKJTNuK3AQOrgjjotVxMrCn1sUJwM76wMszfq1kdU4uYVJjvEWuFQ6HgvLt4Xz3fSmZlTOxJ/Ie13KnIcWQXFA=="],

    "@stablelib/base64": ["@stablelib/base64@1.0.1", "", {}, "sha512-1bnPQqSxSuc3Ii6MhBysoWCg58j97aUjuCSZrGSmDxNqtytIi0k8utUenAwTZN4V5mXXYGsVUI9zeBqy+jBOSQ=="],

    "@types/bun": ["@types/bun@1.3.9", "", { "dependencies": { "bun-types": "1.3.9" } }, "sha512-KQ571yULOdWJiMH+RIWIOZ7B2RXQGpL1YQrBtLIV3FqDcCu6FsbFUBwhdKUlCKUpS3PJDsHlJ1QKlpxoVR+xtw=="],

    "@types/node": ["@types/node@25.2.3", "", { "dependencies": { "undici-types": "~7.16.0" } }, "sha512-m0jEgYlYz+mDJZ2+F4v8D1AyQb+QzsNqRuI7xg1VQX/KlKS0qT9r1Mo16yo5F/MtifXFgaofIFsdFMox2SxIbQ=="],

    "bun-types": ["bun-types@1.3.9", "", { "dependencies": { "@types/node": "*" } }, "sha512-+UBWWOakIP4Tswh0Bt0QD0alpTY8cb5hvgiYeWCMet9YukHbzuruIEeXC2D7nMJPB12kbh8C7XJykSexEqGKJg=="],

    "fast-sha256": ["fast-sha256@1.3.0", "", {}, "sha512-n11RGP/lrWEFI/bWdygLxhI+pVeo1ZYIVwvvPkW7azl/rOy+F3HYRZ2K5zeE9mmkhQppyv9sQFx0JM9UabnpPQ=="],

    "handlebars": ["handlebars@4.7.8", "", { "dependencies": { "minimist": "^1.2.5", "neo-async": "^2.6.2", "source-map": "^0.6.1", "wordwrap": "^1.0.0" }, "optionalDependencies": { "uglify-js": "^3.1.4" }, "bin": { "handlebars": "bin/handlebars" } }, "sha512-vafaFqs8MZkRrSX7sFVUdo3ap/eNiLnb4IakshzvP56X5Nr1iGKAIqdX6tMlm6HcNRIkr6AxO5jFEoJzzpT8aQ=="],

    "inversify": ["inversify@7.11.0", "", { "dependencies": { "@inversifyjs/common": "1.5.2", "@inversifyjs/container": "1.15.0", "@inversifyjs/core": "9.2.0" } }, "sha512-yZDprSSr8TyVeMGI/AOV4ws6gwjX22hj9Z8/oHAVpJORY6WRFTcUzhnZtibBUHEw2U8ArvHcR+i863DplQ3Cwg=="],

    "jose": ["jose@6.1.3", "", {}, "sha512-0TpaTfihd4QMNwrz/ob2Bp7X04yuxJkjRGi4aKmOqwhov54i6u79oCv7T+C7lo70MKH6BesI3vscD1yb/yzKXQ=="],

    "kysely": ["kysely@0.28.9", "", {}, "sha512-3BeXMoiOhpOwu62CiVpO6lxfq4eS6KMYfQdMsN/2kUCRNuF2YiEr7u0HLHaQU+O4Xu8YXE3bHVkwaQ85i72EuA=="],

    "kysely-bun-sql": ["kysely-bun-sql@0.2.0", "", { "peerDependencies": { "kysely": "^0.28.8", "typescript": "^5" } }, "sha512-LuddpS7hoOd3n/HOj6CztBXKQolIkkWv2IOySuE1JwEq45c+V3xbrkZFiHqPlCK8HOEIIa9ZzlZ+QlvNdtc0fQ=="],

    "minimist": ["minimist@1.2.8", "", {}, "sha512-2yyAR8qBkN3YuheJanUpWC5U3bb5osDywNB8RzDVlDwDHbocAJveqqj1u8+SVD7jkWT4yvsHCpWqqWqAxb0zCA=="],

    "neo-async": ["neo-async@2.6.2", "", {}, "sha512-Yd3UES5mWCSqR+qNT93S3UoYUkqAZ9lLg8a7g9rimsWmYGK8cVToA4/sF3RrshdyV3sAGMXVUmpMYOw+dLpOuw=="],

    "postal-mime": ["postal-mime@2.7.3", "", {}, "sha512-MjhXadAJaWgYzevi46+3kLak8y6gbg0ku14O1gO/LNOuay8dO+1PtcSGvAdgDR0DoIsSaiIA8y/Ddw6MnrO0Tw=="],

    "reflect-metadata": ["reflect-metadata@0.2.2", "", {}, "sha512-urBwgfrvVP/eAyXx4hluJivBKzuEbSQs9rKWCrCkbSxNv8mxPcUZKeuoF3Uy4mJl3Lwprp6yy5/39VWigZ4K6Q=="],

    "resend": ["resend@6.9.2", "", { "dependencies": { "postal-mime": "2.7.3", "svix": "1.84.1" }, "peerDependencies": { "@react-email/render": "*" }, "optionalPeers": ["@react-email/render"] }, "sha512-uIM6CQ08tS+hTCRuKBFbOBvHIGaEhqZe8s4FOgqsVXSbQLAhmNWpmUhG3UAtRnmcwTWFUqnHa/+Vux8YGPyDBA=="],

    "source-map": ["source-map@0.6.1", "", {}, "sha512-UjgapumWlbMhkBgzT7Ykc5YXUT46F0iKu8SGXq0bcwP5dz/h0Plj6enJqjz1Zbq2l5WaqYnrVbwWOWMyF3F47g=="],

    "standardwebhooks": ["standardwebhooks@1.0.0", "", { "dependencies": { "@stablelib/base64": "^1.0.0", "fast-sha256": "^1.3.0" } }, "sha512-BbHGOQK9olHPMvQNHWul6MYlrRTAOKn03rOe4A8O3CLWhNf4YHBqq2HJKKC+sfqpxiBY52pNeesD6jIiLDz8jg=="],

    "svix": ["svix@1.84.1", "", { "dependencies": { "standardwebhooks": "1.0.0", "uuid": "^10.0.0" } }, "sha512-K8DPPSZaW/XqXiz1kEyzSHYgmGLnhB43nQCMeKjWGCUpLIpAMMM8kx3rVVOSm6Bo6EHyK1RQLPT4R06skM/MlQ=="],

    "typescript": ["typescript@5.9.3", "", { "bin": { "tsc": "bin/tsc", "tsserver": "bin/tsserver" } }, "sha512-jl1vZzPDinLr9eUt3J/t7V6FgNEw9QjvBPdysz9KfQDD41fQrC2Y4vKQdiaUpFT4bXlb1RHhLpp8wtm6M5TgSw=="],

    "uglify-js": ["uglify-js@3.19.3", "", { "bin": { "uglifyjs": "bin/uglifyjs" } }, "sha512-v3Xu+yuwBXisp6QYTcH4UbH+xYJXqnq2m/LtQVWKWzYc1iehYnLixoQDN9FH6/j9/oybfd6W9Ghwkl8+UMKTKQ=="],

    "undici-types": ["undici-types@7.16.0", "", {}, "sha512-Zz+aZWSj8LE6zoxD+xrjh4VfkIG8Ya6LvYkZqtUQGJPZjYl53ypCaUwWqo7eI0x66KBGeRo+mlBEkMSeSZ38Nw=="],

    "uuid": ["uuid@10.0.0", "", { "bin": { "uuid": "dist/bin/uuid" } }, "sha512-8XkAphELsDnEGrDxUOHB3RGvXz6TeuYSGEZBOjtTtPm2lwhGBjLgOzLHB63IUWfBpNucQjND6d3AOudO+H3RWQ=="],

    "wordwrap": ["wordwrap@1.0.0", "", {}, "sha512-gvVzJFlPycKc5dZN4yPkP8w7Dc37BtP1yczEneOb4uq34pXZcvrtRTmWV8W+Ume+XCxKgbjM+nevkyFPMybd4Q=="],
  }
}
